
Microsoft Visual Studio Solution File, Format Version 12.00
# Visual Studio Version 17
VisualStudioVersion = 17.13.35825.156 d17.13
MinimumVisualStudioVersion = 10.0.40219.1
Project("{FAE04EC0-301F-11D3-BF4B-00C04F79EFBC}") = "Week07Homework", "Week07Homework\Week07Homework.csproj", "{38661051-9E96-4293-8058-D3231C675537}"
EndProject
Global
	GlobalSection(SolutionConfigurationPlatforms) = preSolution
		Debug|Any CPU = Debug|Any CPU
		Release|Any CPU = Release|Any CPU
	EndGlobalSection
	GlobalSection(ProjectConfigurationPlatforms) = postSolution
		{38661051-9E96-4293-8058-D3231C675537}.Debug|Any CPU.ActiveCfg = Debug|Any CPU
		{38661051-9E96-4293-8058-D3231C675537}.Debug|Any CPU.Build.0 = Debug|Any CPU
		{38661051-9E96-4293-8058-D3231C675537}.Release|Any CPU.ActiveCfg = Release|Any CPU
		{38661051-9E96-4293-8058-D3231C675537}.Release|Any CPU.Build.0 = Release|Any CPU
	EndGlobalSection
	GlobalSection(SolutionProperties) = preSolution
		HideSolutionNode = FALSE
	EndGlobalSection
	GlobalSection(ExtensibilityGlobals) = postSolution
		SolutionGuid = {942098A6-24C9-4138-9F52-3B4653CC84E8}
	EndGlobalSection
EndGlobal
